// !$*UTF8*$!
{
	archiveVersion = 1;
	classes = {
	};
	objectVersion = 51;
	objects = {

/* Begin PBXBuildFile section */
		5C87AD77260845C400C430AC /* CommentCell.swift in Sources */ = {isa = PBXBuildFile; fileRef = 5C87AD76260845C400C430AC /* CommentCell.swift */; };
		5CE746D825FAAFF900213451 /* AppDelegate.swift in Sources */ = {isa = PBXBuildFile; fileRef = 5CE746D725FAAFF900213451 /* AppDelegate.swift */; };
		5CE746DA25FAAFF900213451 /* SceneDelegate.swift in Sources */ = {isa = PBXBuildFile; fileRef = 5CE746D925FAAFF900213451 /* SceneDelegate.swift */; };
		5CE746DF25FAAFF900213451 /* Main.storyboard in Resources */ = {isa = PBXBuildFile; fileRef = 5CE746DD25FAAFF900213451 /* Main.storyboard */; };
		5CE746E125FAAFFC00213451 /* Assets.xcassets in Resources */ = {isa = PBXBuildFile; fileRef = 5CE746E025FAAFFC00213451 /* Assets.xcassets */; };
		5CE746E425FAAFFC00213451 /* LaunchScreen.storyboard in Resources */ = {isa = PBXBuildFile; fileRef = 5CE746E225FAAFFC00213451 /* LaunchScreen.storyboard */; };
		5CE746EF25FAAFFD00213451 /* ParstagramTests.swift in Sources */ = {isa = PBXBuildFile; fileRef = 5CE746EE25FAAFFD00213451 /* ParstagramTests.swift */; };
		5CE746FA25FAAFFD00213451 /* ParstagramUITests.swift in Sources */ = {isa = PBXBuildFile; fileRef = 5CE746F925FAAFFD00213451 /* ParstagramUITests.swift */; };
		5CE7470E25FBF59800213451 /* LoginViewController.swift in Sources */ = {isa = PBXBuildFile; fileRef = 5CE7470D25FBF59800213451 /* LoginViewController.swift */; };
		5CE7471325FBF5AF00213451 /* FeedViewController.swift in Sources */ = {isa = PBXBuildFile; fileRef = 5CE7471225FBF5AF00213451 /* FeedViewController.swift */; };
		5CE7472725FC05D100213451 /* CameraViewController.swift in Sources */ = {isa = PBXBuildFile; fileRef = 5CE7472625FC05D100213451 /* CameraViewController.swift */; };
		5CE7474225FC232500213451 /* PostCell.swift in Sources */ = {isa = PBXBuildFile; fileRef = 5CE7474125FC232500213451 /* PostCell.swift */; };
		A9152AD764240ACC1F1D70D5 /* Pods_Parstagram_ParstagramUITests.framework in Frameworks */ = {isa = PBXBuildFile; fileRef = C08AB490C5373079926EDFC7 /* Pods_Parstagram_ParstagramUITests.framework */; };
		DFC3AFE1D8A69196EEF0A506 /* Pods_ParstagramTests.framework in Frameworks */ = {isa = PBXBuildFile; fileRef = B2A4A805768B7E0472605B2F /* Pods_ParstagramTests.framework */; };
		E9CC95C987E6169140098616 /* Pods_Parstagram.framework in Frameworks */ = {isa = PBXBuildFile; fileRef = 57AAFDF5CB179F0E33F273E3 /* Pods_Parstagram.framework */; };
/* End PBXBuildFile section */

/* Begin PBXContainerItemProxy section */
		5CE746EB25FAAFFD00213451 /* PBXContainerItemProxy */ = {
			isa = PBXContainerItemProxy;
			containerPortal = 5CE746CC25FAAFF900213451 /* Project object */;
			proxyType = 1;
			remoteGlobalIDString = 5CE746D325FAAFF900213451;
			remoteInfo = Parstagram;
		};
		5CE746F625FAAFFD00213451 /* PBXContainerItemProxy */ = {
			isa = PBXContainerItemProxy;
			containerPortal = 5CE746CC25FAAFF900213451 /* Project object */;
			proxyType = 1;
			remoteGlobalIDString = 5CE746D325FAAFF900213451;
			remoteInfo = Parstagram;
		};
/* End PBXContainerItemProxy section */

/* Begin PBXFileReference section */
		05278713B773CC64DA6E5371 /* Pods-Parstagram-ParstagramUITests.debug.xcconfig */ = {isa = PBXFileReference; includeInIndex = 1; lastKnownFileType = text.xcconfig; name = "Pods-Parstagram-ParstagramUITests.debug.xcconfig"; path = "Target Support Files/Pods-Parstagram-ParstagramUITests/Pods-Parstagram-ParstagramUITests.debug.xcconfig"; sourceTree = "<group>"; };
		38902C9C24F0E905C2066259 /* Pods-Parstagram-ParstagramUITests.release.xcconfig */ = {isa = PBXFileReference; includeInIndex = 1; lastKnownFileType = text.xcconfig; name = "Pods-Parstagram-ParstagramUITests.release.xcconfig"; path = "Target Support Files/Pods-Parstagram-ParstagramUITests/Pods-Parstagram-ParstagramUITests.release.xcconfig"; sourceTree = "<group>"; };
		48D0BAC6B0E1361150BAE6F1 /* Pods-ParstagramTests.release.xcconfig */ = {isa = PBXFileReference; includeInIndex = 1; lastKnownFileType = text.xcconfig; name = "Pods-ParstagramTests.release.xcconfig"; path = "Target Support Files/Pods-ParstagramTests/Pods-ParstagramTests.release.xcconfig"; sourceTree = "<group>"; };
		57AAFDF5CB179F0E33F273E3 /* Pods_Parstagram.framework */ = {isa = PBXFileReference; explicitFileType = wrapper.framework; includeInIndex = 0; path = Pods_Parstagram.framework; sourceTree = BUILT_PRODUCTS_DIR; };
		5C87AD76260845C400C430AC /* CommentCell.swift */ = {isa = PBXFileReference; lastKnownFileType = sourcecode.swift; path = CommentCell.swift; sourceTree = "<group>"; };
		5CE746D425FAAFF900213451 /* Parstagram.app */ = {isa = PBXFileReference; explicitFileType = wrapper.application; includeInIndex = 0; path = Parstagram.app; sourceTree = BUILT_PRODUCTS_DIR; };
		5CE746D725FAAFF900213451 /* AppDelegate.swift */ = {isa = PBXFileReference; lastKnownFileType = sourcecode.swift; path = AppDelegate.swift; sourceTree = "<group>"; };
		5CE746D925FAAFF900213451 /* SceneDelegate.swift */ = {isa = PBXFileReference; lastKnownFileType = sourcecode.swift; path = SceneDelegate.swift; sourceTree = "<group>"; };
		5CE746DE25FAAFF900213451 /* Base */ = {isa = PBXFileReference; lastKnownFileType = file.storyboard; name = Base; path = Base.lproj/Main.storyboard; sourceTree = "<group>"; };
		5CE746E025FAAFFC00213451 /* Assets.xcassets */ = {isa = PBXFileReference; lastKnownFileType = folder.assetcatalog; path = Assets.xcassets; sourceTree = "<group>"; };
		5CE746E325FAAFFC00213451 /* Base */ = {isa = PBXFileReference; lastKnownFileType = file.storyboard; name = Base; path = Base.lproj/LaunchScreen.storyboard; sourceTree = "<group>"; };
		5CE746E525FAAFFC00213451 /* Info.plist */ = {isa = PBXFileReference; lastKnownFileType = text.plist.xml; path = Info.plist; sourceTree = "<group>"; };
		5CE746EA25FAAFFD00213451 /* ParstagramTests.xctest */ = {isa = PBXFileReference; explicitFileType = wrapper.cfbundle; includeInIndex = 0; path = ParstagramTests.xctest; sourceTree = BUILT_PRODUCTS_DIR; };
		5CE746EE25FAAFFD00213451 /* ParstagramTests.swift */ = {isa = PBXFileReference; lastKnownFileType = sourcecode.swift; path = ParstagramTests.swift; sourceTree = "<group>"; };
		5CE746F025FAAFFD00213451 /* Info.plist */ = {isa = PBXFileReference; lastKnownFileType = text.plist.xml; path = Info.plist; sourceTree = "<group>"; };
		5CE746F525FAAFFD00213451 /* ParstagramUITests.xctest */ = {isa = PBXFileReference; explicitFileType = wrapper.cfbundle; includeInIndex = 0; path = ParstagramUITests.xctest; sourceTree = BUILT_PRODUCTS_DIR; };
		5CE746F925FAAFFD00213451 /* ParstagramUITests.swift */ = {isa = PBXFileReference; lastKnownFileType = sourcecode.swift; path = ParstagramUITests.swift; sourceTree = "<group>"; };
		5CE746FB25FAAFFD00213451 /* Info.plist */ = {isa = PBXFileReference; lastKnownFileType = text.plist.xml; path = Info.plist; sourceTree = "<group>"; };
		5CE7470D25FBF59800213451 /* LoginViewController.swift */ = {isa = PBXFileReference; lastKnownFileType = sourcecode.swift; path = LoginViewController.swift; sourceTree = "<group>"; };
		5CE7471225FBF5AF00213451 /* FeedViewController.swift */ = {isa = PBXFileReference; lastKnownFileType = sourcecode.swift; path = FeedViewController.swift; sourceTree = "<group>"; };
		5CE7472625FC05D100213451 /* CameraViewController.swift */ = {isa = PBXFileReference; lastKnownFileType = sourcecode.swift; path = CameraViewController.swift; sourceTree = "<group>"; };
		5CE7474125FC232500213451 /* PostCell.swift */ = {isa = PBXFileReference; lastKnownFileType = sourcecode.swift; path = PostCell.swift; sourceTree = "<group>"; };
		929398CE98F0C83938FEDC10 /* Pods-ParstagramTests.debug.xcconfig */ = {isa = PBXFileReference; includeInIndex = 1; lastKnownFileType = text.xcconfig; name = "Pods-ParstagramTests.debug.xcconfig"; path = "Target Support Files/Pods-ParstagramTests/Pods-ParstagramTests.debug.xcconfig"; sourceTree = "<group>"; };
		9703F172CE85E1A95B1B1922 /* Pods-Parstagram.release.xcconfig */ = {isa = PBXFileReference; includeInIndex = 1; lastKnownFileType = text.xcconfig; name = "Pods-Parstagram.release.xcconfig"; path = "Target Support Files/Pods-Parstagram/Pods-Parstagram.release.xcconfig"; sourceTree = "<group>"; };
		B2A4A805768B7E0472605B2F /* Pods_ParstagramTests.framework */ = {isa = PBXFileReference; explicitFileType = wrapper.framework; includeInIndex = 0; path = Pods_ParstagramTests.framework; sourceTree = BUILT_PRODUCTS_DIR; };
		C08AB490C5373079926EDFC7 /* Pods_Parstagram_ParstagramUITests.framework */ = {isa = PBXFileReference; explicitFileType = wrapper.framework; includeInIndex = 0; path = Pods_Parstagram_ParstagramUITests.framework; sourceTree = BUILT_PRODUCTS_DIR; };
		E5588209B7D6FDA502E37DC2 /* Pods-Parstagram.debug.xcconfig */ = {isa = PBXFileReference; includeInIndex = 1; lastKnownFileType = text.xcconfig; name = "Pods-Parstagram.debug.xcconfig"; path = "Target Support Files/Pods-Parstagram/Pods-Parstagram.debug.xcconfig"; sourceTree = "<group>"; };
/* End PBXFileReference section */

/* Begin PBXFrameworksBuildPhase section */
		5CE746D125FAAFF900213451 /* Frameworks */ = {
			isa = PBXFrameworksBuildPhase;
			buildActionMask = 2147483647;
			files = (
				E9CC95C987E6169140098616 /* Pods_Parstagram.framework in Frameworks */,
			);
			runOnlyForDeploymentPostprocessing = 0;
		};
		5CE746E725FAAFFD00213451 /* Frameworks */ = {
			isa = PBXFrameworksBuildPhase;
			buildActionMask = 2147483647;
			files = (
				DFC3AFE1D8A69196EEF0A506 /* Pods_ParstagramTests.framework in Frameworks */,
			);
			runOnlyForDeploymentPostprocessing = 0;
		};
		5CE746F225FAAFFD00213451 /* Frameworks */ = {
			isa = PBXFrameworksBuildPhase;
			buildActionMask = 2147483647;
			files = (
				A9152AD764240ACC1F1D70D5 /* Pods_Parstagram_ParstagramUITests.framework in Frameworks */,
			);
			runOnlyForDeploymentPostprocessing = 0;
		};
/* End PBXFrameworksBuildPhase section */

/* Begin PBXGroup section */
		56E161AF0BCFE3A779DCA939 /* Pods */ = {
			isa = PBXGroup;
			children = (
				E5588209B7D6FDA502E37DC2 /* Pods-Parstagram.debug.xcconfig */,
				9703F172CE85E1A95B1B1922 /* Pods-Parstagram.release.xcconfig */,
				05278713B773CC64DA6E5371 /* Pods-Parstagram-ParstagramUITests.debug.xcconfig */,
				38902C9C24F0E905C2066259 /* Pods-Parstagram-ParstagramUITests.release.xcconfig */,
				929398CE98F0C83938FEDC10 /* Pods-ParstagramTests.debug.xcconfig */,
				48D0BAC6B0E1361150BAE6F1 /* Pods-ParstagramTests.release.xcconfig */,
			);
			path = Pods;
			sourceTree = "<group>";
		};
		5CE746CB25FAAFF900213451 = {
			isa = PBXGroup;
			children = (
				5CE746D625FAAFF900213451 /* Parstagram */,
				5CE746ED25FAAFFD00213451 /* ParstagramTests */,
				5CE746F825FAAFFD00213451 /* ParstagramUITests */,
				5CE746D525FAAFF900213451 /* Products */,
				56E161AF0BCFE3A779DCA939 /* Pods */,
				9AF2B6CDCA4D0B57E07FE618 /* Frameworks */,
			);
			sourceTree = "<group>";
		};
		5CE746D525FAAFF900213451 /* Products */ = {
			isa = PBXGroup;
			children = (
				5CE746D425FAAFF900213451 /* Parstagram.app */,
				5CE746EA25FAAFFD00213451 /* ParstagramTests.xctest */,
				5CE746F525FAAFFD00213451 /* ParstagramUITests.xctest */,
			);
			name = Products;
			sourceTree = "<group>";
		};
		5CE746D625FAAFF900213451 /* Parstagram */ = {
			isa = PBXGroup;
			children = (
				5CE746D725FAAFF900213451 /* AppDelegate.swift */,
				5CE746D925FAAFF900213451 /* SceneDelegate.swift */,
				5CE746DD25FAAFF900213451 /* Main.storyboard */,
				5CE746E025FAAFFC00213451 /* Assets.xcassets */,
				5CE746E225FAAFFC00213451 /* LaunchScreen.storyboard */,
				5CE746E525FAAFFC00213451 /* Info.plist */,
				5CE7470D25FBF59800213451 /* LoginViewController.swift */,
				5CE7471225FBF5AF00213451 /* FeedViewController.swift */,
				5CE7472625FC05D100213451 /* CameraViewController.swift */,
				5CE7474125FC232500213451 /* PostCell.swift */,
				5C87AD76260845C400C430AC /* CommentCell.swift */,
			);
			path = Parstagram;
			sourceTree = "<group>";
		};
		5CE746ED25FAAFFD00213451 /* ParstagramTests */ = {
			isa = PBXGroup;
			children = (
				5CE746EE25FAAFFD00213451 /* ParstagramTests.swift */,
				5CE746F025FAAFFD00213451 /* Info.plist */,
			);
			path = ParstagramTests;
			sourceTree = "<group>";
		};
		5CE746F825FAAFFD00213451 /* ParstagramUITests */ = {
			isa = PBXGroup;
			children = (
				5CE746F925FAAFFD00213451 /* ParstagramUITests.swift */,
				5CE746FB25FAAFFD00213451 /* Info.plist */,
			);
			path = ParstagramUITests;
			sourceTree = "<group>";
		};
		9AF2B6CDCA4D0B57E07FE618 /* Frameworks */ = {
			isa = PBXGroup;
			children = (
				57AAFDF5CB179F0E33F273E3 /* Pods_Parstagram.framework */,
				C08AB490C5373079926EDFC7 /* Pods_Parstagram_ParstagramUITests.framework */,
				B2A4A805768B7E0472605B2F /* Pods_ParstagramTests.framework */,
			);
			name = Frameworks;
			sourceTree = "<group>";
		};
/* End PBXGroup section */

/* Begin PBXNativeTarget section */
		5CE746D325FAAFF900213451 /* Parstagram */ = {
			isa = PBXNativeTarget;
			buildConfigurationList = 5CE746FE25FAAFFD00213451 /* Build configuration list for PBXNativeTarget "Parstagram" */;
			buildPhases = (
				3A2A76E81360CF2E731A4649 /* [CP] Check Pods Manifest.lock */,
				5CE746D025FAAFF900213451 /* Sources */,
				5CE746D125FAAFF900213451 /* Frameworks */,
				5CE746D225FAAFF900213451 /* Resources */,
				5B3C75A4B2466A907630B980 /* [CP] Embed Pods Frameworks */,
			);
			buildRules = (
			);
			dependencies = (
			);
			name = Parstagram;
			productName = Parstagram;
			productReference = 5CE746D425FAAFF900213451 /* Parstagram.app */;
			productType = "com.apple.product-type.application";
		};
		5CE746E925FAAFFD00213451 /* ParstagramTests */ = {
			isa = PBXNativeTarget;
			buildConfigurationList = 5CE7470125FAAFFD00213451 /* Build configuration list for PBXNativeTarget "ParstagramTests" */;
			buildPhases = (
				9A4C9A7A8A5FABC44CE191E7 /* [CP] Check Pods Manifest.lock */,
				5CE746E625FAAFFD00213451 /* Sources */,
				5CE746E725FAAFFD00213451 /* Frameworks */,
				5CE746E825FAAFFD00213451 /* Resources */,
			);
			buildRules = (
			);
			dependencies = (
				5CE746EC25FAAFFD00213451 /* PBXTargetDependency */,
			);
			name = ParstagramTests;
			productName = ParstagramTests;
			productReference = 5CE746EA25FAAFFD00213451 /* ParstagramTests.xctest */;
			productType = "com.apple.product-type.bundle.unit-test";
		};
		5CE746F425FAAFFD00213451 /* ParstagramUITests */ = {
			isa = PBXNativeTarget;
			buildConfigurationList = 5CE7470425FAAFFD00213451 /* Build configuration list for PBXNativeTarget "ParstagramUITests" */;
			buildPhases = (
				A9A1179D7990843AEAA8A26D /* [CP] Check Pods Manifest.lock */,
				5CE746F125FAAFFD00213451 /* Sources */,
				5CE746F225FAAFFD00213451 /* Frameworks */,
				5CE746F325FAAFFD00213451 /* Resources */,
				C236EA2967F62A7FAA0D2EB1 /* [CP] Embed Pods Frameworks */,
			);
			buildRules = (
			);
			dependencies = (
				5CE746F725FAAFFD00213451 /* PBXTargetDependency */,
			);
			name = ParstagramUITests;
			productName = ParstagramUITests;
			productReference = 5CE746F525FAAFFD00213451 /* ParstagramUITests.xctest */;
			productType = "com.apple.product-type.bundle.ui-testing";
		};
/* End PBXNativeTarget section */

/* Begin PBXProject section */
		5CE746CC25FAAFF900213451 /* Project object */ = {
			isa = PBXProject;
			attributes = {
				LastSwiftUpdateCheck = 1230;
				LastUpgradeCheck = 1230;
				TargetAttributes = {
					5CE746D325FAAFF900213451 = {
						CreatedOnToolsVersion = 12.3;
					};
					5CE746E925FAAFFD00213451 = {
						CreatedOnToolsVersion = 12.3;
						TestTargetID = 5CE746D325FAAFF900213451;
					};
					5CE746F425FAAFFD00213451 = {
						CreatedOnToolsVersion = 12.3;
						TestTargetID = 5CE746D325FAAFF900213451;
					};
				};
			};
			buildConfigurationList = 5CE746CF25FAAFF900213451 /* Build configuration list for PBXProject "Parstagram" */;
			compatibilityVersion = "Xcode 9.3";
			developmentRegion = en;
			hasScannedForEncodings = 0;
			knownRegions = (
				en,
				Base,
			);
			mainGroup = 5CE746CB25FAAFF900213451;
			productRefGroup = 5CE746D525FAAFF900213451 /* Products */;
			projectDirPath = "";
			projectRoot = "";
			targets = (
				5CE746D325FAAFF900213451 /* Parstagram */,
				5CE746E925FAAFFD00213451 /* ParstagramTests */,
				5CE746F425FAAFFD00213451 /* ParstagramUITests */,
			);
		};
/* End PBXProject section */

/* Begin PBXResourcesBuildPhase section */
		5CE746D225FAAFF900213451 /* Resources */ = {
			isa = PBXResourcesBuildPhase;
			buildActionMask = 2147483647;
			files = (
				5CE746E425FAAFFC00213451 /* LaunchScreen.storyboard in Resources */,
				5CE746E125FAAFFC00213451 /* Assets.xcassets in Resources */,
				5CE746DF25FAAFF900213451 /* Main.storyboard in Resources */,
			);
			runOnlyForDeploymentPostprocessing = 0;
		};
		5CE746E825FAAFFD00213451 /* Resources */ = {
			isa = PBXResourcesBuildPhase;
			buildActionMask = 2147483647;
			files = (
			);
			runOnlyForDeploymentPostprocessing = 0;
		};
		5CE746F325FAAFFD00213451 /* Resources */ = {
			isa = PBXResourcesBuildPhase;
			buildActionMask = 2147483647;
			files = (
			);
			runOnlyForDeploymentPostprocessing = 0;
		};
/* End PBXResourcesBuildPhase section */

/* Begin PBXShellScriptBuildPhase section */
		3A2A76E81360CF2E731A4649 /* [CP] Check Pods Manifest.lock */ = {
			isa = PBXShellScriptBuildPhase;
			buildActionMask = 2147483647;
			files = (
			);
			inputFileListPaths = (
			);
			inputPaths = (
				"${PODS_PODFILE_DIR_PATH}/Podfile.lock",
				"${PODS_ROOT}/Manifest.lock",
			);
			name = "[CP] Check Pods Manifest.lock";
			outputFileListPaths = (
			);
			outputPaths = (
				"$(DERIVED_FILE_DIR)/Pods-Parstagram-checkManifestLockResult.txt",
			);
			runOnlyForDeploymentPostprocessing = 0;
			shellPath = /bin/sh;
			shellScript = "diff \"${PODS_PODFILE_DIR_PATH}/Podfile.lock\" \"${PODS_ROOT}/Manifest.lock\" > /dev/null\nif [ $? != 0 ] ; then\n    # print error to STDERR\n    echo \"error: The sandbox is not in sync with the Podfile.lock. Run 'pod install' or update your CocoaPods installation.\" >&2\n    exit 1\nfi\n# This output is used by Xcode 'outputs' to avoid re-running this script phase.\necho \"SUCCESS\" > \"${SCRIPT_OUTPUT_FILE_0}\"\n";
			showEnvVarsInLog = 0;
		};
		5B3C75A4B2466A907630B980 /* [CP] Embed Pods Frameworks */ = {
			isa = PBXShellScriptBuildPhase;
			buildActionMask = 2147483647;
			files = (
			);
			inputFileListPaths = (
				"${PODS_ROOT}/Target Support Files/Pods-Parstagram/Pods-Parstagram-frameworks-${CONFIGURATION}-input-files.xcfilelist",
			);
			name = "[CP] Embed Pods Frameworks";
			outputFileListPaths = (
				"${PODS_ROOT}/Target Support Files/Pods-Parstagram/Pods-Parstagram-frameworks-${CONFIGURATION}-output-files.xcfilelist",
			);
			runOnlyForDeploymentPostprocessing = 0;
			shellPath = /bin/sh;
			shellScript = "\"${PODS_ROOT}/Target Support Files/Pods-Parstagram/Pods-Parstagram-frameworks.sh\"\n";
			showEnvVarsInLog = 0;
		};
		9A4C9A7A8A5FABC44CE191E7 /* [CP] Check Pods Manifest.lock */ = {
			isa = PBXShellScriptBuildPhase;
			buildActionMask = 2147483647;
			files = (
			);
			inputFileListPaths = (
			);
			inputPaths = (
				"${PODS_PODFILE_DIR_PATH}/Podfile.lock",
				"${PODS_ROOT}/Manifest.lock",
			);
			name = "[CP] Check Pods Manifest.lock";
			outputFileListPaths = (
			);
			outputPaths = (
				"$(DERIVED_FILE_DIR)/Pods-ParstagramTests-checkManifestLockResult.txt",
			);
			runOnlyForDeploymentPostprocessing = 0;
			shellPath = /bin/sh;
			shellScript = "diff \"${PODS_PODFILE_DIR_PATH}/Podfile.lock\" \"${PODS_ROOT}/Manifest.lock\" > /dev/null\nif [ $? != 0 ] ; then\n    # print error to STDERR\n    echo \"error: The sandbox is not in sync with the Podfile.lock. Run 'pod install' or update your CocoaPods installation.\" >&2\n    exit 1\nfi\n# This output is used by Xcode 'outputs' to avoid re-running this script phase.\necho \"SUCCESS\" > \"${SCRIPT_OUTPUT_FILE_0}\"\n";
			showEnvVarsInLog = 0;
		};
		A9A1179D7990843AEAA8A26D /* [CP] Check Pods Manifest.lock */ = {
			isa = PBXShellScriptBuildPhase;
			buildActionMask = 2147483647;
			files = (
			);
			inputFileListPaths = (
			);
			inputPaths = (
				"${PODS_PODFILE_DIR_PATH}/Podfile.lock",
				"${PODS_ROOT}/Manifest.lock",
			);
			name = "[CP] Check Pods Manifest.lock";
			outputFileListPaths = (
			);
			outputPaths = (
				"$(DERIVED_FILE_DIR)/Pods-Parstagram-ParstagramUITests-checkManifestLockResult.txt",
			);
			runOnlyForDeploymentPostprocessing = 0;
			shellPath = /bin/sh;
			shellScript = "diff \"${PODS_PODFILE_DIR_PATH}/Podfile.lock\" \"${PODS_ROOT}/Manifest.lock\" > /dev/null\nif [ $? != 0 ] ; then\n    # print error to STDERR\n    echo \"error: The sandbox is not in sync with the Podfile.lock. Run 'pod install' or update your CocoaPods installation.\" >&2\n    exit 1\nfi\n# This output is used by Xcode 'outputs' to avoid re-running this script phase.\necho \"SUCCESS\" > \"${SCRIPT_OUTPUT_FILE_0}\"\n";
			showEnvVarsInLog = 0;
		};
		C236EA2967F62A7FAA0D2EB1 /* [CP] Embed Pods Frameworks */ = {
			isa = PBXShellScriptBuildPhase;
			buildActionMask = 2147483647;
			files = (
			);
			inputFileListPaths = (
				"${PODS_ROOT}/Target Support Files/Pods-Parstagram-ParstagramUITests/Pods-Parstagram-ParstagramUITests-frameworks-${CONFIGURATION}-input-files.xcfilelist",
			);
			name = "[CP] Embed Pods Frameworks";
			outputFileListPaths = (
				"${PODS_ROOT}/Target Support Files/Pods-Parstagram-ParstagramUITests/Pods-Parstagram-ParstagramUITests-frameworks-${CONFIGURATION}-output-files.xcfilelist",
			);
			runOnlyForDeploymentPostprocessing = 0;
			shellPath = /bin/sh;
			shellScript = "\"${PODS_ROOT}/Target Support Files/Pods-Parstagram-ParstagramUITests/Pods-Parstagram-ParstagramUITests-frameworks.sh\"\n";
			showEnvVarsInLog = 0;
		};
/* End PBXShellScriptBuildPhase section */

/* Begin PBXSourcesBuildPhase section */
		5CE746D025FAAFF900213451 /* Sources */ = {
			isa = PBXSourcesBuildPhase;
			buildActionMask = 2147483647;
			files = (
				5CE7470E25FBF59800213451 /* LoginViewController.swift in Sources */,
				5CE7472725FC05D100213451 /* CameraViewController.swift in Sources */,
				5CE746D825FAAFF900213451 /* AppDelegate.swift in Sources */,
				5CE7471325FBF5AF00213451 /* FeedViewController.swift in Sources */,
				5CE746DA25FAAFF900213451 /* SceneDelegate.swift in Sources */,
				5CE7474225FC232500213451 /* PostCell.swift in Sources */,
				5C87AD77260845C400C430AC /* CommentCell.swift in Sources */,
			);
			runOnlyForDeploymentPostprocessing = 0;
		};
		5CE746E625FAAFFD00213451 /* Sources */ = {
			isa = PBXSourcesBuildPhase;
			buildActionMask = 2147483647;
			files = (
				5CE746EF25FAAFFD00213451 /* ParstagramTests.swift in Sources */,
			);
			runOnlyForDeploymentPostprocessing = 0;
		};
		5CE746F125FAAFFD00213451 /* Sources */ = {
			isa = PBXSourcesBuildPhase;
			buildActionMask = 2147483647;
			files = (
				5CE746FA25FAAFFD00213451 /* ParstagramUITests.swift in Sources */,
			);
			runOnlyForDeploymentPostprocessing = 0;
		};
/* End PBXSourcesBuildPhase section */

/* Begin PBXTargetDependency section */
		5CE746EC25FAAFFD00213451 /* PBXTargetDependency */ = {
			isa = PBXTargetDependency;
			target = 5CE746D325FAAFF900213451 /* Parstagram */;
			targetProxy = 5CE746EB25FAAFFD00213451 /* PBXContainerItemProxy */;
		};
		5CE746F725FAAFFD00213451 /* PBXTargetDependency */ = {
			isa = PBXTargetDependency;
			target = 5CE746D325FAAFF900213451 /* Parstagram */;
			targetProxy = 5CE746F625FAAFFD00213451 /* PBXContainerItemProxy */;
		};
/* End PBXTargetDependency section */

/* Begin PBXVariantGroup section */
		5CE746DD25FAAFF900213451 /* Main.storyboard */ = {
			isa = PBXVariantGroup;
			children = (
				5CE746DE25FAAFF900213451 /* Base */,
			);
			name = Main.storyboard;
			sourceTree = "<group>";
		};
		5CE746E225FAAFFC00213451 /* LaunchScreen.storyboard */ = {
			isa = PBXVariantGroup;
			children = (
				5CE746E325FAAFFC00213451 /* Base */,
			);
			name = LaunchScreen.storyboard;
			sourceTree = "<group>";
		};
/* End PBXVariantGroup section */

/* Begin XCBuildConfiguration section */
		5CE746FC25FAAFFD00213451 /* Debug */ = {
			isa = XCBuildConfiguration;
			buildSettings = {
				ALWAYS_SEARCH_USER_PATHS = NO;
				CLANG_ANALYZER_NONNULL = YES;
				CLANG_ANALYZER_NUMBER_OBJECT_CONVERSION = YES_AGGRESSIVE;
				CLANG_CXX_LANGUAGE_STANDARD = "gnu++14";
				CLANG_CXX_LIBRARY = "libc++";
				CLANG_ENABLE_MODULES = YES;
				CLANG_ENABLE_OBJC_ARC = YES;
				CLANG_ENABLE_OBJC_WEAK = YES;
				CLANG_WARN_BLOCK_CAPTURE_AUTORELEASING = YES;
				CLANG_WARN_BOOL_CONVERSION = YES;
				CLANG_WARN_COMMA = YES;
				CLANG_WARN_CONSTANT_CONVERSION = YES;
				CLANG_WARN_DEPRECATED_OBJC_IMPLEMENTATIONS = YES;
				CLANG_WARN_DIRECT_OBJC_ISA_USAGE = YES_ERROR;
				CLANG_WARN_DOCUMENTATION_COMMENTS = YES;
				CLANG_WARN_EMPTY_BODY = YES;
				CLANG_WARN_ENUM_CONVERSION = YES;
				CLANG_WARN_INFINITE_RECURSION = YES;
				CLANG_WARN_INT_CONVERSION = YES;
				CLANG_WARN_NON_LITERAL_NULL_CONVERSION = YES;
				CLANG_WARN_OBJC_IMPLICIT_RETAIN_SELF = YES;
				CLANG_WARN_OBJC_LITERAL_CONVERSION = YES;
				CLANG_WARN_OBJC_ROOT_CLASS = YES_ERROR;
				CLANG_WARN_QUOTED_INCLUDE_IN_FRAMEWORK_HEADER = YES;
				CLANG_WARN_RANGE_LOOP_ANALYSIS = YES;
				CLANG_WARN_STRICT_PROTOTYPES = YES;
				CLANG_WARN_SUSPICIOUS_MOVE = YES;
				CLANG_WARN_UNGUARDED_AVAILABILITY = YES_AGGRESSIVE;
				CLANG_WARN_UNREACHABLE_CODE = YES;
				CLANG_WARN__DUPLICATE_METHOD_MATCH = YES;
				COPY_PHASE_STRIP = NO;
				DEBUG_INFORMATION_FORMAT = dwarf;
				ENABLE_STRICT_OBJC_MSGSEND = YES;
				ENABLE_TESTABILITY = YES;
				GCC_C_LANGUAGE_STANDARD = gnu11;
				GCC_DYNAMIC_NO_PIC = NO;
				GCC_NO_COMMON_BLOCKS = YES;
				GCC_OPTIMIZATION_LEVEL = 0;
				GCC_PREPROCESSOR_DEFINITIONS = (
					"DEBUG=1",
					"$(inherited)",
				);
				GCC_WARN_64_TO_32_BIT_CONVERSION = YES;
				GCC_WARN_ABOUT_RETURN_TYPE = YES_ERROR;
				GCC_WARN_UNDECLARED_SELECTOR = YES;
				GCC_WARN_UNINITIALIZED_AUTOS = YES_AGGRESSIVE;
				GCC_WARN_UNUSED_FUNCTION = YES;
				GCC_WARN_UNUSED_VARIABLE = YES;
				IPHONEOS_DEPLOYMENT_TARGET = 14.3;
				MTL_ENABLE_DEBUG_INFO = INCLUDE_SOURCE;
				MTL_FAST_MATH = YES;
				ONLY_ACTIVE_ARCH = YES;
				SDKROOT = iphoneos;
				SWIFT_ACTIVE_COMPILATION_CONDITIONS = DEBUG;
				SWIFT_OPTIMIZATION_LEVEL = "-Onone";
			};
			name = Debug;
		};
		5CE746FD25FAAFFD00213451 /* Release */ = {
			isa = XCBuildConfiguration;
			buildSettings = {
				ALWAYS_SEARCH_USER_PATHS = NO;
				CLANG_ANALYZER_NONNULL = YES;
				CLANG_ANALYZER_NUMBER_OBJECT_CONVERSION = YES_AGGRESSIVE;
				CLANG_CXX_LANGUAGE_STANDARD = "gnu++14";
				CLANG_CXX_LIBRARY = "libc++";
				CLANG_ENABLE_MODULES = YES;
				CLANG_ENABLE_OBJC_ARC = YES;
				CLANG_ENABLE_OBJC_WEAK = YES;
				CLANG_WARN_BLOCK_CAPTURE_AUTORELEASING = YES;
				CLANG_WARN_BOOL_CONVERSION = YES;
				CLANG_WARN_COMMA = YES;
				CLANG_WARN_CONSTANT_CONVERSION = YES;
				CLANG_WARN_DEPRECATED_OBJC_IMPLEMENTATIONS = YES;
				CLANG_WARN_DIRECT_OBJC_ISA_USAGE = YES_ERROR;
				CLANG_WARN_DOCUMENTATION_COMMENTS = YES;
				CLANG_WARN_EMPTY_BODY = YES;
				CLANG_WARN_ENUM_CONVERSION = YES;
				CLANG_WARN_INFINITE_RECURSION = YES;
				CLANG_WARN_INT_CONVERSION = YES;
				CLANG_WARN_NON_LITERAL_NULL_CONVERSION = YES;
				CLANG_WARN_OBJC_IMPLICIT_RETAIN_SELF = YES;
				CLANG_WARN_OBJC_LITERAL_CONVERSION = YES;
				CLANG_WARN_OBJC_ROOT_CLASS = YES_ERROR;
				CLANG_WARN_QUOTED_INCLUDE_IN_FRAMEWORK_HEADER = YES;
				CLANG_WARN_RANGE_LOOP_ANALYSIS = YES;
				CLANG_WARN_STRICT_PROTOTYPES = YES;
				CLANG_WARN_SUSPICIOUS_MOVE = YES;
				CLANG_WARN_UNGUARDED_AVAILABILITY = YES_AGGRESSIVE;
				CLANG_WARN_UNREACHABLE_CODE = YES;
				CLANG_WARN__DUPLICATE_METHOD_MATCH = YES;
				COPY_PHASE_STRIP = NO;
				DEBUG_INFORMATION_FORMAT = "dwarf-with-dsym";
				ENABLE_NS_ASSERTIONS = NO;
				ENABLE_STRICT_OBJC_MSGSEND = YES;
				GCC_C_LANGUAGE_STANDARD = gnu11;
				GCC_NO_COMMON_BLOCKS = YES;
				GCC_WARN_64_TO_32_BIT_CONVERSION = YES;
				GCC_WARN_ABOUT_RETURN_TYPE = YES_ERROR;
				GCC_WARN_UNDECLARED_SELECTOR = YES;
				GCC_WARN_UNINITIALIZED_AUTOS = YES_AGGRESSIVE;
				GCC_WARN_UNUSED_FUNCTION = YES;
				GCC_WARN_UNUSED_VARIABLE = YES;
				IPHONEOS_DEPLOYMENT_TARGET = 14.3;
				MTL_ENABLE_DEBUG_INFO = NO;
				MTL_FAST_MATH = YES;
				SDKROOT = iphoneos;
				SWIFT_COMPILATION_MODE = wholemodule;
				SWIFT_OPTIMIZATION_LEVEL = "-O";
				VALIDATE_PRODUCT = YES;
			};
			name = Release;
		};
		5CE746FF25FAAFFD00213451 /* Debug */ = {
			isa = XCBuildConfiguration;
			baseConfigurationReference = E5588209B7D6FDA502E37DC2 /* Pods-Parstagram.debug.xcconfig */;
			buildSettings = {
				ASSETCATALOG_COMPILER_APPICON_NAME = AppIcon;
				ASSETCATALOG_COMPILER_GLOBAL_ACCENT_COLOR_NAME = AccentColor;
				CODE_SIGN_STYLE = Automatic;
				INFOPLIST_FILE = Parstagram/Info.plist;
				LD_RUNPATH_SEARCH_PATHS = (
					"$(inherited)",
					"@executable_path/Frameworks",
				);
				PRODUCT_BUNDLE_IDENTIFIER = earltankardjr.Parstagram;
				PRODUCT_NAME = "$(TARGET_NAME)";
				SWIFT_VERSION = 5.0;
				TARGETED_DEVICE_FAMILY = "1,2";
			};
			name = Debug;
		};
		5CE7470025FAAFFD00213451 /* Release */ = {
			isa = XCBuildConfiguration;
			baseConfigurationReference = 9703F172CE85E1A95B1B1922 /* Pods-Parstagram.release.xcconfig */;
			buildSettings = {
				ASSETCATALOG_COMPILER_APPICON_NAME = AppIcon;
				ASSETCATALOG_COMPILER_GLOBAL_ACCENT_COLOR_NAME = AccentColor;
				CODE_SIGN_STYLE = Automatic;
				INFOPLIST_FILE = Parstagram/Info.plist;
				LD_RUNPATH_SEARCH_PATHS = (
					"$(inherited)",
					"@executable_path/Frameworks",
				);
				PRODUCT_BUNDLE_IDENTIFIER = earltankardjr.Parstagram;
				PRODUCT_NAME = "$(TARGET_NAME)";
				SWIFT_VERSION = 5.0;
				TARGETED_DEVICE_FAMILY = "1,2";
			};
			name = Release;
		};
		5CE7470225FAAFFD00213451 /* Debug */ = {
			isa = XCBuildConfiguration;
			baseConfigurationReference = 929398CE98F0C83938FEDC10 /* Pods-ParstagramTests.debug.xcconfig */;
			buildSettings = {
				ALWAYS_EMBED_SWIFT_STANDARD_LIBRARIES = YES;
				BUNDLE_LOADER = "$(TEST_HOST)";
				CODE_SIGN_STYLE = Automatic;
				INFOPLIST_FILE = ParstagramTests/Info.plist;
				IPHONEOS_DEPLOYMENT_TARGET = 14.3;
				LD_RUNPATH_SEARCH_PATHS = (
					"$(inherited)",
					"@executable_path/Frameworks",
					"@loader_path/Frameworks",
				);
				PRODUCT_BUNDLE_IDENTIFIER = earltankardjr.ParstagramTests;
				PRODUCT_NAME = "$(TARGET_NAME)";
				SWIFT_VERSION = 5.0;
				TARGETED_DEVICE_FAMILY = "1,2";
				TEST_HOST = "$(BUILT_PRODUCTS_DIR)/Parstagram.app/Parstagram";
			};
			name = Debug;
		};
		5CE7470325FAAFFD00213451 /* Release */ = {
			isa = XCBuildConfiguration;
			baseConfigurationReference = 48D0BAC6B0E1361150BAE6F1 /* Pods-ParstagramTests.release.xcconfig */;
			buildSettings = {
				ALWAYS_EMBED_SWIFT_STANDARD_LIBRARIES = YES;
				BUNDLE_LOADER = "$(TEST_HOST)";
				CODE_SIGN_STYLE = Automatic;
				INFOPLIST_FILE = ParstagramTests/Info.plist;
				IPHONEOS_DEPLOYMENT_TARGET = 14.3;
				LD_RUNPATH_SEARCH_PATHS = (
					"$(inherited)",
					"@executable_path/Frameworks",
					"@loader_path/Frameworks",
				);
				PRODUCT_BUNDLE_IDENTIFIER = earltankardjr.ParstagramTests;
				PRODUCT_NAME = "$(TARGET_NAME)";
				SWIFT_VERSION = 5.0;
				TARGETED_DEVICE_FAMILY = "1,2";
				TEST_HOST = "$(BUILT_PRODUCTS_DIR)/Parstagram.app/Parstagram";
			};
			name = Release;
		};
		5CE7470525FAAFFD00213451 /* Debug */ = {
			isa = XCBuildConfiguration;
			baseConfigurationReference = 05278713B773CC64DA6E5371 /* Pods-Parstagram-ParstagramUITests.debug.xcconfig */;
			buildSettings = {
				ALWAYS_EMBED_SWIFT_STANDARD_LIBRARIES = YES;
				CODE_SIGN_STYLE = Automatic;
				INFOPLIST_FILE = ParstagramUITests/Info.plist;
				LD_RUNPATH_SEARCH_PATHS = (
					"$(inherited)",
					"@executable_path/Frameworks",
					"@loader_path/Frameworks",
				);
				PRODUCT_BUNDLE_IDENTIFIER = earltankardjr.ParstagramUITests;
				PRODUCT_NAME = "$(TARGET_NAME)";
				SWIFT_VERSION = 5.0;
				TARGETED_DEVICE_FAMILY = "1,2";
				TEST_TARGET_NAME = Parstagram;
			};
			name = Debug;
		};
		5CE7470625FAAFFD00213451 /* Release */ = {
			isa = XCBuildConfiguration;
			baseConfigurationReference = 38902C9C24F0E905C2066259 /* Pods-Parstagram-ParstagramUITests.release.xcconfig */;
			buildSettings = {
				ALWAYS_EMBED_SWIFT_STANDARD_LIBRARIES = YES;
				CODE_SIGN_STYLE = Automatic;
				INFOPLIST_FILE = ParstagramUITests/Info.plist;
				LD_RUNPATH_SEARCH_PATHS = (
					"$(inherited)",
					"@executable_path/Frameworks",
					"@loader_path/Frameworks",
				);
				PRODUCT_BUNDLE_IDENTIFIER = earltankardjr.ParstagramUITests;
				PRODUCT_NAME = "$(TARGET_NAME)";
				SWIFT_VERSION = 5.0;
				TARGETED_DEVICE_FAMILY = "1,2";
				TEST_TARGET_NAME = Parstagram;
			};
			name = Release;
		};
/* End XCBuildConfiguration section */

/* Begin XCConfigurationList section */
		5CE746CF25FAAFF900213451 /* Build configuration list for PBXProject "Parstagram" */ = {
			isa = XCConfigurationList;
			buildConfigurations = (
				5CE746FC25FAAFFD00213451 /* Debug */,
				5CE746FD25FAAFFD00213451 /* Release */,
			);
			defaultConfigurationIsVisible = 0;
			defaultConfigurationName = Release;
		};
		5CE746FE25FAAFFD00213451 /* Build configuration list for PBXNativeTarget "Parstagram" */ = {
			isa = XCConfigurationList;
			buildConfigurations = (
				5CE746FF25FAAFFD00213451 /* Debug */,
				5CE7470025FAAFFD00213451 /* Release */,
			);
			defaultConfigurationIsVisible = 0;
			defaultConfigurationName = Release;
		};
		5CE7470125FAAFFD00213451 /* Build configuration list for PBXNativeTarget "ParstagramTests" */ = {
			isa = XCConfigurationList;
			buildConfigurations = (
				5CE7470225FAAFFD00213451 /* Debug */,
				5CE7470325FAAFFD00213451 /* Release */,
			);
			defaultConfigurationIsVisible = 0;
			defaultConfigurationName = Release;
		};
		5CE7470425FAAFFD00213451 /* Build configuration list for PBXNativeTarget "ParstagramUITests" */ = {
			isa = XCConfigurationList;
			buildConfigurations = (
				5CE7470525FAAFFD00213451 /* Debug */,
				5CE7470625FAAFFD00213451 /* Release */,
			);
			defaultConfigurationIsVisible = 0;
			defaultConfigurationName = Release;
		};
/* End XCConfigurationList section */
	};
	rootObject = 5CE746CC25FAAFF900213451 /* Project object */;
}
